
Microsoft Visual Studio Solution File, Format Version 12.00
# Visual Studio Version 16
VisualStudioVersion = 16.0.30011.22
MinimumVisualStudioVersion = 10.0.40219.1
Project("{FAE04EC0-301F-11D3-BF4B-00C04F79EFBC}") = "TP06Module06", "TP06Module06\TP06Module06.csproj", "{7D40B554-8CB2-48A6-B1F9-0DA5749E20D9}"
EndProject
Project("{FAE04EC0-301F-11D3-BF4B-00C04F79EFBC}") = "BO", "..\Ressources Module 06 - Enoncé TP 01\BO.csproj", "{0BBA0441-0AB7-4112-946B-521C9CEC7367}"
EndProject
Global
	GlobalSection(SolutionConfigurationPlatforms) = preSolution
		Debug|Any CPU = Debug|Any CPU
		Release|Any CPU = Release|Any CPU
	EndGlobalSection
	GlobalSection(ProjectConfigurationPlatforms) = postSolution
		{7D40B554-8CB2-48A6-B1F9-0DA5749E20D9}.Debug|Any CPU.ActiveCfg = Debug|Any CPU
		{7D40B554-8CB2-48A6-B1F9-0DA5749E20D9}.Debug|Any CPU.Build.0 = Debug|Any CPU
		{7D40B554-8CB2-48A6-B1F9-0DA5749E20D9}.Release|Any CPU.ActiveCfg = Release|Any CPU
		{7D40B554-8CB2-48A6-B1F9-0DA5749E20D9}.Release|Any CPU.Build.0 = Release|Any CPU
		{0BBA0441-0AB7-4112-946B-521C9CEC7367}.Debug|Any CPU.ActiveCfg = Debug|Any CPU
		{0BBA0441-0AB7-4112-946B-521C9CEC7367}.Debug|Any CPU.Build.0 = Debug|Any CPU
		{0BBA0441-0AB7-4112-946B-521C9CEC7367}.Release|Any CPU.ActiveCfg = Release|Any CPU
		{0BBA0441-0AB7-4112-946B-521C9CEC7367}.Release|Any CPU.Build.0 = Release|Any CPU
	EndGlobalSection
	GlobalSection(SolutionProperties) = preSolution
		HideSolutionNode = FALSE
	EndGlobalSection
	GlobalSection(ExtensibilityGlobals) = postSolution
		SolutionGuid = {ABA5C91E-A4C7-425E-BD0C-9372A531C5F2}
	EndGlobalSection
EndGlobal
